
Microsoft Visual Studio Solution File, Format Version 12.00
# Visual Studio Version 16
VisualStudioVersion = 25.0.1705.1
MinimumVisualStudioVersion = 10.0.40219.1
Project("{FAE04EC0-301F-11D3-BF4B-00C04F79EFBC}") = "CyberTools.WebSearch", "CyberTools.WebSearch\CyberTools.WebSearch.csproj", "{36BE3DD7-FF2F-4ED3-8128-A26B9F7AC8F9}"
EndProject
Project("{FAE04EC0-301F-11D3-BF4B-00C04F79EFBC}") = "CyberTools.Console", "CyberTools.Console\CyberTools.Console.csproj", "{736D741A-772D-4949-B645-A832FEA6634D}"
EndProject
Project("{FAE04EC0-301F-11D3-BF4B-00C04F79EFBC}") = "CyberTools.Web", "CyberTools.Web\CyberTools.Web.csproj", "{C040A0D1-9F4D-4ABC-AAFA-56CD96ACE43D}"
EndProject
Global
	GlobalSection(SolutionConfigurationPlatforms) = preSolution
		Debug|Any CPU = Debug|Any CPU
		Release|Any CPU = Release|Any CPU
	EndGlobalSection
	GlobalSection(ProjectConfigurationPlatforms) = postSolution
		{36BE3DD7-FF2F-4ED3-8128-A26B9F7AC8F9}.Debug|Any CPU.ActiveCfg = Debug|Any CPU
		{36BE3DD7-FF2F-4ED3-8128-A26B9F7AC8F9}.Debug|Any CPU.Build.0 = Debug|Any CPU
		{36BE3DD7-FF2F-4ED3-8128-A26B9F7AC8F9}.Release|Any CPU.ActiveCfg = Release|Any CPU
		{36BE3DD7-FF2F-4ED3-8128-A26B9F7AC8F9}.Release|Any CPU.Build.0 = Release|Any CPU
		{736D741A-772D-4949-B645-A832FEA6634D}.Debug|Any CPU.ActiveCfg = Debug|Any CPU
		{736D741A-772D-4949-B645-A832FEA6634D}.Debug|Any CPU.Build.0 = Debug|Any CPU
		{736D741A-772D-4949-B645-A832FEA6634D}.Release|Any CPU.ActiveCfg = Release|Any CPU
		{736D741A-772D-4949-B645-A832FEA6634D}.Release|Any CPU.Build.0 = Release|Any CPU
		{C040A0D1-9F4D-4ABC-AAFA-56CD96ACE43D}.Debug|Any CPU.ActiveCfg = Debug|Any CPU
		{C040A0D1-9F4D-4ABC-AAFA-56CD96ACE43D}.Debug|Any CPU.Build.0 = Debug|Any CPU
		{C040A0D1-9F4D-4ABC-AAFA-56CD96ACE43D}.Release|Any CPU.ActiveCfg = Release|Any CPU
		{C040A0D1-9F4D-4ABC-AAFA-56CD96ACE43D}.Release|Any CPU.Build.0 = Release|Any CPU
	EndGlobalSection
	GlobalSection(SolutionProperties) = preSolution
		HideSolutionNode = FALSE
	EndGlobalSection
	GlobalSection(ExtensibilityGlobals) = postSolution
		SolutionGuid = {4DF995F2-CDF1-4DC9-A06F-EC08CF425C95}
	EndGlobalSection
EndGlobal
